
Microsoft Visual Studio Solution File, Format Version 12.00
# Visual Studio Version 16
VisualStudioVersion = 16.0.30611.23
MinimumVisualStudioVersion = 10.0.40219.1
Project("{FAE04EC0-301F-11D3-BF4B-00C04F79EFBC}") = "Zad4(december1)", "Zad4(december1)\Zad4(december1).csproj", "{D4DAEBCC-7DCF-43F6-A609-476FB0730750}"
EndProject
Global
	GlobalSection(SolutionConfigurationPlatforms) = preSolution
		Debug|Any CPU = Debug|Any CPU
		Release|Any CPU = Release|Any CPU
	EndGlobalSection
	GlobalSection(ProjectConfigurationPlatforms) = postSolution
		{D4DAEBCC-7DCF-43F6-A609-476FB0730750}.Debug|Any CPU.ActiveCfg = Debug|Any CPU
		{D4DAEBCC-7DCF-43F6-A609-476FB0730750}.Debug|Any CPU.Build.0 = Debug|Any CPU
		{D4DAEBCC-7DCF-43F6-A609-476FB0730750}.Release|Any CPU.ActiveCfg = Release|Any CPU
		{D4DAEBCC-7DCF-43F6-A609-476FB0730750}.Release|Any CPU.Build.0 = Release|Any CPU
	EndGlobalSection
	GlobalSection(SolutionProperties) = preSolution
		HideSolutionNode = FALSE
	EndGlobalSection
	GlobalSection(ExtensibilityGlobals) = postSolution
		SolutionGuid = {693EBE56-90B4-4DCF-8F17-5B89A289CDEF}
	EndGlobalSection
EndGlobal
